// !$*UTF8*$!
{
	archiveVersion = 1;
	classes = {
	};
	objectVersion = 55;
	objects = {

/* Begin PBXBuildFile section */
		4ACA0F6328856B4100818974 /* DetailViewController.swift in Sources */ = {isa = PBXBuildFile; fileRef = 4ACA0F6228856B4100818974 /* DetailViewController.swift */; };
		4AFE55C0288448A3002D1E3B /* AppDelegate.swift in Sources */ = {isa = PBXBuildFile; fileRef = 4AFE55BF288448A3002D1E3B /* AppDelegate.swift */; };
		4AFE55C2288448A3002D1E3B /* SceneDelegate.swift in Sources */ = {isa = PBXBuildFile; fileRef = 4AFE55C1288448A3002D1E3B /* SceneDelegate.swift */; };
		4AFE55C7288448A3002D1E3B /* Main.storyboard in Resources */ = {isa = PBXBuildFile; fileRef = 4AFE55C5288448A3002D1E3B /* Main.storyboard */; };
		4AFE55C9288448A4002D1E3B /* Assets.xcassets in Resources */ = {isa = PBXBuildFile; fileRef = 4AFE55C8288448A4002D1E3B /* Assets.xcassets */; };
		4AFE55CC288448A4002D1E3B /* LaunchScreen.storyboard in Resources */ = {isa = PBXBuildFile; fileRef = 4AFE55CA288448A4002D1E3B /* LaunchScreen.storyboard */; };
		4AFE55D728844976002D1E3B /* MainViewController.swift in Sources */ = {isa = PBXBuildFile; fileRef = 4AFE55D628844976002D1E3B /* MainViewController.swift */; };
		4AFE55DA28844A1A002D1E3B /* People.swift in Sources */ = {isa = PBXBuildFile; fileRef = 4AFE55D928844A1A002D1E3B /* People.swift */; };
		4AFE55DD28844F79002D1E3B /* Network.swift in Sources */ = {isa = PBXBuildFile; fileRef = 4AFE55DC28844F79002D1E3B /* Network.swift */; };
		4AFE55E4288458EE002D1E3B /* PeopleCell.swift in Sources */ = {isa = PBXBuildFile; fileRef = 4AFE55E3288458EE002D1E3B /* PeopleCell.swift */; };
/* End PBXBuildFile section */

/* Begin PBXFileReference section */
		4ACA0F6228856B4100818974 /* DetailViewController.swift */ = {isa = PBXFileReference; lastKnownFileType = sourcecode.swift; path = DetailViewController.swift; sourceTree = "<group>"; };
		4AFE55BC288448A3002D1E3B /* StarWarsApp.app */ = {isa = PBXFileReference; explicitFileType = wrapper.application; includeInIndex = 0; path = StarWarsApp.app; sourceTree = BUILT_PRODUCTS_DIR; };
		4AFE55BF288448A3002D1E3B /* AppDelegate.swift */ = {isa = PBXFileReference; lastKnownFileType = sourcecode.swift; path = AppDelegate.swift; sourceTree = "<group>"; };
		4AFE55C1288448A3002D1E3B /* SceneDelegate.swift */ = {isa = PBXFileReference; lastKnownFileType = sourcecode.swift; path = SceneDelegate.swift; sourceTree = "<group>"; };
		4AFE55C6288448A3002D1E3B /* Base */ = {isa = PBXFileReference; lastKnownFileType = file.storyboard; name = Base; path = Base.lproj/Main.storyboard; sourceTree = "<group>"; };
		4AFE55C8288448A4002D1E3B /* Assets.xcassets */ = {isa = PBXFileReference; lastKnownFileType = folder.assetcatalog; path = Assets.xcassets; sourceTree = "<group>"; };
		4AFE55CB288448A4002D1E3B /* Base */ = {isa = PBXFileReference; lastKnownFileType = file.storyboard; name = Base; path = Base.lproj/LaunchScreen.storyboard; sourceTree = "<group>"; };
		4AFE55CD288448A4002D1E3B /* Info.plist */ = {isa = PBXFileReference; lastKnownFileType = text.plist.xml; path = Info.plist; sourceTree = "<group>"; };
		4AFE55D628844976002D1E3B /* MainViewController.swift */ = {isa = PBXFileReference; lastKnownFileType = sourcecode.swift; path = MainViewController.swift; sourceTree = "<group>"; };
		4AFE55D928844A1A002D1E3B /* People.swift */ = {isa = PBXFileReference; lastKnownFileType = sourcecode.swift; path = People.swift; sourceTree = "<group>"; };
		4AFE55DC28844F79002D1E3B /* Network.swift */ = {isa = PBXFileReference; lastKnownFileType = sourcecode.swift; path = Network.swift; sourceTree = "<group>"; };
		4AFE55E3288458EE002D1E3B /* PeopleCell.swift */ = {isa = PBXFileReference; lastKnownFileType = sourcecode.swift; path = PeopleCell.swift; sourceTree = "<group>"; };
/* End PBXFileReference section */

/* Begin PBXFrameworksBuildPhase section */
		4AFE55B9288448A3002D1E3B /* Frameworks */ = {
			isa = PBXFrameworksBuildPhase;
			buildActionMask = 2147483647;
			files = (
			);
			runOnlyForDeploymentPostprocessing = 0;
		};
/* End PBXFrameworksBuildPhase section */

/* Begin PBXGroup section */
		4ACA0F5F28855D7400818974 /* Detail */ = {
			isa = PBXGroup;
			children = (
				4ACA0F6228856B4100818974 /* DetailViewController.swift */,
			);
			path = Detail;
			sourceTree = "<group>";
		};
		4ACA0F6028855D9600818974 /* Main */ = {
			isa = PBXGroup;
			children = (
				4ACA0F6128855DDF00818974 /* Cell */,
				4AFE55D628844976002D1E3B /* MainViewController.swift */,
			);
			path = Main;
			sourceTree = "<group>";
		};
		4ACA0F6128855DDF00818974 /* Cell */ = {
			isa = PBXGroup;
			children = (
				4AFE55E3288458EE002D1E3B /* PeopleCell.swift */,
			);
			path = Cell;
			sourceTree = "<group>";
		};
		4AFE55B3288448A3002D1E3B = {
			isa = PBXGroup;
			children = (
				4AFE55BE288448A3002D1E3B /* StarWarsApp */,
				4AFE55BD288448A3002D1E3B /* Products */,
			);
			sourceTree = "<group>";
		};
		4AFE55BD288448A3002D1E3B /* Products */ = {
			isa = PBXGroup;
			children = (
				4AFE55BC288448A3002D1E3B /* StarWarsApp.app */,
			);
			name = Products;
			sourceTree = "<group>";
		};
		4AFE55BE288448A3002D1E3B /* StarWarsApp */ = {
			isa = PBXGroup;
			children = (
				4AFE55D528844901002D1E3B /* Controller */,
				4AFE55D4288448F4002D1E3B /* View */,
				4AFE55D3288448EB002D1E3B /* Model */,
				4AFE55BF288448A3002D1E3B /* AppDelegate.swift */,
				4AFE55C1288448A3002D1E3B /* SceneDelegate.swift */,
				4AFE55C8288448A4002D1E3B /* Assets.xcassets */,
				4AFE55CD288448A4002D1E3B /* Info.plist */,
			);
			path = StarWarsApp;
			sourceTree = "<group>";
		};
		4AFE55D3288448EB002D1E3B /* Model */ = {
			isa = PBXGroup;
			children = (
				4AFE55DB28844D4A002D1E3B /* api */,
				4AFE55D928844A1A002D1E3B /* People.swift */,
			);
			path = Model;
			sourceTree = "<group>";
		};
		4AFE55D4288448F4002D1E3B /* View */ = {
			isa = PBXGroup;
			children = (
				4AFE55CA288448A4002D1E3B /* LaunchScreen.storyboard */,
				4AFE55C5288448A3002D1E3B /* Main.storyboard */,
			);
			path = View;
			sourceTree = "<group>";
		};
		4AFE55D528844901002D1E3B /* Controller */ = {
			isa = PBXGroup;
			children = (
				4ACA0F6028855D9600818974 /* Main */,
				4ACA0F5F28855D7400818974 /* Detail */,
			);
			path = Controller;
			sourceTree = "<group>";
		};
		4AFE55DB28844D4A002D1E3B /* api */ = {
			isa = PBXGroup;
			children = (
				4AFE55DC28844F79002D1E3B /* Network.swift */,
			);
			path = api;
			sourceTree = "<group>";
		};
/* End PBXGroup section */

/* Begin PBXNativeTarget section */
		4AFE55BB288448A3002D1E3B /* StarWarsApp */ = {
			isa = PBXNativeTarget;
			buildConfigurationList = 4AFE55D0288448A4002D1E3B /* Build configuration list for PBXNativeTarget "StarWarsApp" */;
			buildPhases = (
				4AFE55B8288448A3002D1E3B /* Sources */,
				4AFE55B9288448A3002D1E3B /* Frameworks */,
				4AFE55BA288448A3002D1E3B /* Resources */,
			);
			buildRules = (
			);
			dependencies = (
			);
			name = StarWarsApp;
			productName = StarWarsApp;
			productReference = 4AFE55BC288448A3002D1E3B /* StarWarsApp.app */;
			productType = "com.apple.product-type.application";
		};
/* End PBXNativeTarget section */

/* Begin PBXProject section */
		4AFE55B4288448A3002D1E3B /* Project object */ = {
			isa = PBXProject;
			attributes = {
				BuildIndependentTargetsInParallel = 1;
				LastSwiftUpdateCheck = 1340;
				LastUpgradeCheck = 1340;
				TargetAttributes = {
					4AFE55BB288448A3002D1E3B = {
						CreatedOnToolsVersion = 13.4.1;
					};
				};
			};
			buildConfigurationList = 4AFE55B7288448A3002D1E3B /* Build configuration list for PBXProject "StarWarsApp" */;
			compatibilityVersion = "Xcode 13.0";
			developmentRegion = en;
			hasScannedForEncodings = 0;
			knownRegions = (
				en,
				Base,
			);
			mainGroup = 4AFE55B3288448A3002D1E3B;
			productRefGroup = 4AFE55BD288448A3002D1E3B /* Products */;
			projectDirPath = "";
			projectRoot = "";
			targets = (
				4AFE55BB288448A3002D1E3B /* StarWarsApp */,
			);
		};
/* End PBXProject section */

/* Begin PBXResourcesBuildPhase section */
		4AFE55BA288448A3002D1E3B /* Resources */ = {
			isa = PBXResourcesBuildPhase;
			buildActionMask = 2147483647;
			files = (
				4AFE55CC288448A4002D1E3B /* LaunchScreen.storyboard in Resources */,
				4AFE55C9288448A4002D1E3B /* Assets.xcassets in Resources */,
				4AFE55C7288448A3002D1E3B /* Main.storyboard in Resources */,
			);
			runOnlyForDeploymentPostprocessing = 0;
		};
/* End PBXResourcesBuildPhase section */

/* Begin PBXSourcesBuildPhase section */
		4AFE55B8288448A3002D1E3B /* Sources */ = {
			isa = PBXSourcesBuildPhase;
			buildActionMask = 2147483647;
			files = (
				4AFE55DD28844F79002D1E3B /* Network.swift in Sources */,
				4AFE55DA28844A1A002D1E3B /* People.swift in Sources */,
				4AFE55E4288458EE002D1E3B /* PeopleCell.swift in Sources */,
				4AFE55C0288448A3002D1E3B /* AppDelegate.swift in Sources */,
				4AFE55C2288448A3002D1E3B /* SceneDelegate.swift in Sources */,
				4AFE55D728844976002D1E3B /* MainViewController.swift in Sources */,
				4ACA0F6328856B4100818974 /* DetailViewController.swift in Sources */,
			);
			runOnlyForDeploymentPostprocessing = 0;
		};
/* End PBXSourcesBuildPhase section */

/* Begin PBXVariantGroup section */
		4AFE55C5288448A3002D1E3B /* Main.storyboard */ = {
			isa = PBXVariantGroup;
			children = (
				4AFE55C6288448A3002D1E3B /* Base */,
			);
			name = Main.storyboard;
			sourceTree = "<group>";
		};
		4AFE55CA288448A4002D1E3B /* LaunchScreen.storyboard */ = {
			isa = PBXVariantGroup;
			children = (
				4AFE55CB288448A4002D1E3B /* Base */,
			);
			name = LaunchScreen.storyboard;
			sourceTree = "<group>";
		};
/* End PBXVariantGroup section */

/* Begin XCBuildConfiguration section */
		4AFE55CE288448A4002D1E3B /* Debug */ = {
			isa = XCBuildConfiguration;
			buildSettings = {
				ALWAYS_SEARCH_USER_PATHS = NO;
				CLANG_ANALYZER_NONNULL = YES;
				CLANG_ANALYZER_NUMBER_OBJECT_CONVERSION = YES_AGGRESSIVE;
				CLANG_CXX_LANGUAGE_STANDARD = "gnu++17";
				CLANG_ENABLE_MODULES = YES;
				CLANG_ENABLE_OBJC_ARC = YES;
				CLANG_ENABLE_OBJC_WEAK = YES;
				CLANG_WARN_BLOCK_CAPTURE_AUTORELEASING = YES;
				CLANG_WARN_BOOL_CONVERSION = YES;
				CLANG_WARN_COMMA = YES;
				CLANG_WARN_CONSTANT_CONVERSION = YES;
				CLANG_WARN_DEPRECATED_OBJC_IMPLEMENTATIONS = YES;
				CLANG_WARN_DIRECT_OBJC_ISA_USAGE = YES_ERROR;
				CLANG_WARN_DOCUMENTATION_COMMENTS = YES;
				CLANG_WARN_EMPTY_BODY = YES;
				CLANG_WARN_ENUM_CONVERSION = YES;
				CLANG_WARN_INFINITE_RECURSION = YES;
				CLANG_WARN_INT_CONVERSION = YES;
				CLANG_WARN_NON_LITERAL_NULL_CONVERSION = YES;
				CLANG_WARN_OBJC_IMPLICIT_RETAIN_SELF = YES;
				CLANG_WARN_OBJC_LITERAL_CONVERSION = YES;
				CLANG_WARN_OBJC_ROOT_CLASS = YES_ERROR;
				CLANG_WARN_QUOTED_INCLUDE_IN_FRAMEWORK_HEADER = YES;
				CLANG_WARN_RANGE_LOOP_ANALYSIS = YES;
				CLANG_WARN_STRICT_PROTOTYPES = YES;
				CLANG_WARN_SUSPICIOUS_MOVE = YES;
				CLANG_WARN_UNGUARDED_AVAILABILITY = YES_AGGRESSIVE;
				CLANG_WARN_UNREACHABLE_CODE = YES;
				CLANG_WARN__DUPLICATE_METHOD_MATCH = YES;
				COPY_PHASE_STRIP = NO;
				DEBUG_INFORMATION_FORMAT = dwarf;
				ENABLE_STRICT_OBJC_MSGSEND = YES;
				ENABLE_TESTABILITY = YES;
				GCC_C_LANGUAGE_STANDARD = gnu11;
				GCC_DYNAMIC_NO_PIC = NO;
				GCC_NO_COMMON_BLOCKS = YES;
				GCC_OPTIMIZATION_LEVEL = 0;
				GCC_PREPROCESSOR_DEFINITIONS = (
					"DEBUG=1",
					"$(inherited)",
				);
				GCC_WARN_64_TO_32_BIT_CONVERSION = YES;
				GCC_WARN_ABOUT_RETURN_TYPE = YES_ERROR;
				GCC_WARN_UNDECLARED_SELECTOR = YES;
				GCC_WARN_UNINITIALIZED_AUTOS = YES_AGGRESSIVE;
				GCC_WARN_UNUSED_FUNCTION = YES;
				GCC_WARN_UNUSED_VARIABLE = YES;
				IPHONEOS_DEPLOYMENT_TARGET = 15.5;
				MTL_ENABLE_DEBUG_INFO = INCLUDE_SOURCE;
				MTL_FAST_MATH = YES;
				ONLY_ACTIVE_ARCH = YES;
				SDKROOT = iphoneos;
				SWIFT_ACTIVE_COMPILATION_CONDITIONS = DEBUG;
				SWIFT_OPTIMIZATION_LEVEL = "-Onone";
			};
			name = Debug;
		};
		4AFE55CF288448A4002D1E3B /* Release */ = {
			isa = XCBuildConfiguration;
			buildSettings = {
				ALWAYS_SEARCH_USER_PATHS = NO;
				CLANG_ANALYZER_NONNULL = YES;
				CLANG_ANALYZER_NUMBER_OBJECT_CONVERSION = YES_AGGRESSIVE;
				CLANG_CXX_LANGUAGE_STANDARD = "gnu++17";
				CLANG_ENABLE_MODULES = YES;
				CLANG_ENABLE_OBJC_ARC = YES;
				CLANG_ENABLE_OBJC_WEAK = YES;
				CLANG_WARN_BLOCK_CAPTURE_AUTORELEASING = YES;
				CLANG_WARN_BOOL_CONVERSION = YES;
				CLANG_WARN_COMMA = YES;
				CLANG_WARN_CONSTANT_CONVERSION = YES;
				CLANG_WARN_DEPRECATED_OBJC_IMPLEMENTATIONS = YES;
				CLANG_WARN_DIRECT_OBJC_ISA_USAGE = YES_ERROR;
				CLANG_WARN_DOCUMENTATION_COMMENTS = YES;
				CLANG_WARN_EMPTY_BODY = YES;
				CLANG_WARN_ENUM_CONVERSION = YES;
				CLANG_WARN_INFINITE_RECURSION = YES;
				CLANG_WARN_INT_CONVERSION = YES;
				CLANG_WARN_NON_LITERAL_NULL_CONVERSION = YES;
				CLANG_WARN_OBJC_IMPLICIT_RETAIN_SELF = YES;
				CLANG_WARN_OBJC_LITERAL_CONVERSION = YES;
				CLANG_WARN_OBJC_ROOT_CLASS = YES_ERROR;
				CLANG_WARN_QUOTED_INCLUDE_IN_FRAMEWORK_HEADER = YES;
				CLANG_WARN_RANGE_LOOP_ANALYSIS = YES;
				CLANG_WARN_STRICT_PROTOTYPES = YES;
				CLANG_WARN_SUSPICIOUS_MOVE = YES;
				CLANG_WARN_UNGUARDED_AVAILABILITY = YES_AGGRESSIVE;
				CLANG_WARN_UNREACHABLE_CODE = YES;
				CLANG_WARN__DUPLICATE_METHOD_MATCH = YES;
				COPY_PHASE_STRIP = NO;
				DEBUG_INFORMATION_FORMAT = "dwarf-with-dsym";
				ENABLE_NS_ASSERTIONS = NO;
				ENABLE_STRICT_OBJC_MSGSEND = YES;
				GCC_C_LANGUAGE_STANDARD = gnu11;
				GCC_NO_COMMON_BLOCKS = YES;
				GCC_WARN_64_TO_32_BIT_CONVERSION = YES;
				GCC_WARN_ABOUT_RETURN_TYPE = YES_ERROR;
				GCC_WARN_UNDECLARED_SELECTOR = YES;
				GCC_WARN_UNINITIALIZED_AUTOS = YES_AGGRESSIVE;
				GCC_WARN_UNUSED_FUNCTION = YES;
				GCC_WARN_UNUSED_VARIABLE = YES;
				IPHONEOS_DEPLOYMENT_TARGET = 15.5;
				MTL_ENABLE_DEBUG_INFO = NO;
				MTL_FAST_MATH = YES;
				SDKROOT = iphoneos;
				SWIFT_COMPILATION_MODE = wholemodule;
				SWIFT_OPTIMIZATION_LEVEL = "-O";
				VALIDATE_PRODUCT = YES;
			};
			name = Release;
		};
		4AFE55D1288448A4002D1E3B /* Debug */ = {
			isa = XCBuildConfiguration;
			buildSettings = {
				ASSETCATALOG_COMPILER_APPICON_NAME = AppIcon;
				ASSETCATALOG_COMPILER_GLOBAL_ACCENT_COLOR_NAME = AccentColor;
				CODE_SIGN_STYLE = Automatic;
				CURRENT_PROJECT_VERSION = 1;
				GENERATE_INFOPLIST_FILE = YES;
				INFOPLIST_FILE = StarWarsApp/Info.plist;
				INFOPLIST_KEY_UIApplicationSupportsIndirectInputEvents = YES;
				INFOPLIST_KEY_UILaunchStoryboardName = LaunchScreen;
				INFOPLIST_KEY_UIMainStoryboardFile = Main;
				INFOPLIST_KEY_UISupportedInterfaceOrientations_iPad = "UIInterfaceOrientationPortrait UIInterfaceOrientationPortraitUpsideDown UIInterfaceOrientationLandscapeLeft UIInterfaceOrientationLandscapeRight";
				INFOPLIST_KEY_UISupportedInterfaceOrientations_iPhone = "UIInterfaceOrientationPortrait UIInterfaceOrientationLandscapeLeft UIInterfaceOrientationLandscapeRight";
				LD_RUNPATH_SEARCH_PATHS = (
					"$(inherited)",
					"@executable_path/Frameworks",
				);
				MARKETING_VERSION = 1.0;
				PRODUCT_BUNDLE_IDENTIFIER = ms.com.StarWarsApp;
				PRODUCT_NAME = "$(TARGET_NAME)";
				SWIFT_EMIT_LOC_STRINGS = YES;
				SWIFT_VERSION = 5.0;
				TARGETED_DEVICE_FAMILY = "1,2";
			};
			name = Debug;
		};
		4AFE55D2288448A4002D1E3B /* Release */ = {
			isa = XCBuildConfiguration;
			buildSettings = {
				ASSETCATALOG_COMPILER_APPICON_NAME = AppIcon;
				ASSETCATALOG_COMPILER_GLOBAL_ACCENT_COLOR_NAME = AccentColor;
				CODE_SIGN_STYLE = Automatic;
				CURRENT_PROJECT_VERSION = 1;
				GENERATE_INFOPLIST_FILE = YES;
				INFOPLIST_FILE = StarWarsApp/Info.plist;
				INFOPLIST_KEY_UIApplicationSupportsIndirectInputEvents = YES;
				INFOPLIST_KEY_UILaunchStoryboardName = LaunchScreen;
				INFOPLIST_KEY_UIMainStoryboardFile = Main;
				INFOPLIST_KEY_UISupportedInterfaceOrientations_iPad = "UIInterfaceOrientationPortrait UIInterfaceOrientationPortraitUpsideDown UIInterfaceOrientationLandscapeLeft UIInterfaceOrientationLandscapeRight";
				INFOPLIST_KEY_UISupportedInterfaceOrientations_iPhone = "UIInterfaceOrientationPortrait UIInterfaceOrientationLandscapeLeft UIInterfaceOrientationLandscapeRight";
				LD_RUNPATH_SEARCH_PATHS = (
					"$(inherited)",
					"@executable_path/Frameworks",
				);
				MARKETING_VERSION = 1.0;
				PRODUCT_BUNDLE_IDENTIFIER = ms.com.StarWarsApp;
				PRODUCT_NAME = "$(TARGET_NAME)";
				SWIFT_EMIT_LOC_STRINGS = YES;
				SWIFT_VERSION = 5.0;
				TARGETED_DEVICE_FAMILY = "1,2";
			};
			name = Release;
		};
/* End XCBuildConfiguration section */

/* Begin XCConfigurationList section */
		4AFE55B7288448A3002D1E3B /* Build configuration list for PBXProject "StarWarsApp" */ = {
			isa = XCConfigurationList;
			buildConfigurations = (
				4AFE55CE288448A4002D1E3B /* Debug */,
				4AFE55CF288448A4002D1E3B /* Release */,
			);
			defaultConfigurationIsVisible = 0;
			defaultConfigurationName = Release;
		};
		4AFE55D0288448A4002D1E3B /* Build configuration list for PBXNativeTarget "StarWarsApp" */ = {
			isa = XCConfigurationList;
			buildConfigurations = (
				4AFE55D1288448A4002D1E3B /* Debug */,
				4AFE55D2288448A4002D1E3B /* Release */,
			);
			defaultConfigurationIsVisible = 0;
			defaultConfigurationName = Release;
		};
/* End XCConfigurationList section */
	};
	rootObject = 4AFE55B4288448A3002D1E3B /* Project object */;
}
